
Microsoft Visual Studio Solution File, Format Version 12.00
# Visual Studio 2013
VisualStudioVersion = 12.0.21005.1
MinimumVisualStudioVersion = 10.0.40219.1
Project("{FAE04EC0-301F-11D3-BF4B-00C04F79EFBC}") = "Access Specifiers", "Access Specifiers\Access Specifiers.csproj", "{86156CC6-93AF-4DBC-B89C-7F3C7AD2C82A}"
EndProject
Project("{FAE04EC0-301F-11D3-BF4B-00C04F79EFBC}") = "myProject", "myProject\myProject.csproj", "{8A5C2C69-6FA3-4617-B475-9246D872B5C2}"
EndProject
Global
	GlobalSection(SolutionConfigurationPlatforms) = preSolution
		Debug|Any CPU = Debug|Any CPU
		Release|Any CPU = Release|Any CPU
	EndGlobalSection
	GlobalSection(ProjectConfigurationPlatforms) = postSolution
		{86156CC6-93AF-4DBC-B89C-7F3C7AD2C82A}.Debug|Any CPU.ActiveCfg = Debug|Any CPU
		{86156CC6-93AF-4DBC-B89C-7F3C7AD2C82A}.Debug|Any CPU.Build.0 = Debug|Any CPU
		{86156CC6-93AF-4DBC-B89C-7F3C7AD2C82A}.Release|Any CPU.ActiveCfg = Release|Any CPU
		{86156CC6-93AF-4DBC-B89C-7F3C7AD2C82A}.Release|Any CPU.Build.0 = Release|Any CPU
		{8A5C2C69-6FA3-4617-B475-9246D872B5C2}.Debug|Any CPU.ActiveCfg = Debug|Any CPU
		{8A5C2C69-6FA3-4617-B475-9246D872B5C2}.Debug|Any CPU.Build.0 = Debug|Any CPU
		{8A5C2C69-6FA3-4617-B475-9246D872B5C2}.Release|Any CPU.ActiveCfg = Release|Any CPU
		{8A5C2C69-6FA3-4617-B475-9246D872B5C2}.Release|Any CPU.Build.0 = Release|Any CPU
	EndGlobalSection
	GlobalSection(SolutionProperties) = preSolution
		HideSolutionNode = FALSE
	EndGlobalSection
EndGlobal
